
Microsoft Visual Studio Solution File, Format Version 12.00
# Visual Studio Version 17
VisualStudioVersion = 17.0.31903.59
MinimumVisualStudioVersion = 10.0.40219.1
Project("{2150E333-8FDC-42A3-9474-1A3956D46DE8}") = "2. Core", "2. Core", "{5FBBC658-4B11-40E0-A4B3-9052434C5A15}"
EndProject
Project("{FAE04EC0-301F-11D3-BF4B-00C04F79EFBC}") = "Application", "2. Core\Application\Application.csproj", "{518B08D4-1C1F-4F1A-B6E4-D436D7EB3448}"
EndProject
Project("{FAE04EC0-301F-11D3-BF4B-00C04F79EFBC}") = "Domain", "2. Core\Domain\Domain.csproj", "{17D5BCAA-E23E-40B7-8206-42F611C03072}"
EndProject
Project("{2150E333-8FDC-42A3-9474-1A3956D46DE8}") = "1. Presentation", "1. Presentation", "{F97F652B-08AB-494C-AC7B-B05405D3B489}"
EndProject
Project("{FAE04EC0-301F-11D3-BF4B-00C04F79EFBC}") = "API", "1. Presentation\API\API.csproj", "{87D01BDA-914A-437E-9615-B25003D06AA0}"
EndProject
Project("{2150E333-8FDC-42A3-9474-1A3956D46DE8}") = "3. Infrastructure", "3. Infrastructure", "{A871C4DC-BB61-4C69-951F-CF153A7320FB}"
EndProject
Project("{FAE04EC0-301F-11D3-BF4B-00C04F79EFBC}") = "Kafka", "3. Infrastructure\Kafka\Kafka.csproj", "{89B2A101-1ECF-4D07-9582-E79C990F0131}"
EndProject
Project("{FAE04EC0-301F-11D3-BF4B-00C04F79EFBC}") = "Postgresql", "3. Infrastructure\Postgresql\Postgresql.csproj", "{29CECD11-F886-4F21-B88A-68BDEB153759}"
EndProject
Project("{FAE04EC0-301F-11D3-BF4B-00C04F79EFBC}") = "AmazonS3", "3. Infrastructure\AmazonS3\AmazonS3.csproj", "{7C079E98-922C-4913-BB38-31D4DE455665}"
EndProject
Project("{2150E333-8FDC-42A3-9474-1A3956D46DE8}") = "4. Tests", "4. Tests", "{AE7BEB50-B97E-4F84-95F9-487F071674EA}"
EndProject
Project("{FAE04EC0-301F-11D3-BF4B-00C04F79EFBC}") = "Tests", "4. Tests\Tests\Tests.csproj", "{CF1A11A0-DB12-4B61-AC47-8084351DD0D8}"
EndProject
Global
	GlobalSection(SolutionConfigurationPlatforms) = preSolution
		Debug|Any CPU = Debug|Any CPU
		Release|Any CPU = Release|Any CPU
	EndGlobalSection
	GlobalSection(ProjectConfigurationPlatforms) = postSolution
		{518B08D4-1C1F-4F1A-B6E4-D436D7EB3448}.Debug|Any CPU.ActiveCfg = Debug|Any CPU
		{518B08D4-1C1F-4F1A-B6E4-D436D7EB3448}.Debug|Any CPU.Build.0 = Debug|Any CPU
		{518B08D4-1C1F-4F1A-B6E4-D436D7EB3448}.Release|Any CPU.ActiveCfg = Release|Any CPU
		{518B08D4-1C1F-4F1A-B6E4-D436D7EB3448}.Release|Any CPU.Build.0 = Release|Any CPU
		{17D5BCAA-E23E-40B7-8206-42F611C03072}.Debug|Any CPU.ActiveCfg = Debug|Any CPU
		{17D5BCAA-E23E-40B7-8206-42F611C03072}.Debug|Any CPU.Build.0 = Debug|Any CPU
		{17D5BCAA-E23E-40B7-8206-42F611C03072}.Release|Any CPU.ActiveCfg = Release|Any CPU
		{17D5BCAA-E23E-40B7-8206-42F611C03072}.Release|Any CPU.Build.0 = Release|Any CPU
		{87D01BDA-914A-437E-9615-B25003D06AA0}.Debug|Any CPU.ActiveCfg = Debug|Any CPU
		{87D01BDA-914A-437E-9615-B25003D06AA0}.Debug|Any CPU.Build.0 = Debug|Any CPU
		{87D01BDA-914A-437E-9615-B25003D06AA0}.Release|Any CPU.ActiveCfg = Release|Any CPU
		{87D01BDA-914A-437E-9615-B25003D06AA0}.Release|Any CPU.Build.0 = Release|Any CPU
		{89B2A101-1ECF-4D07-9582-E79C990F0131}.Debug|Any CPU.ActiveCfg = Debug|Any CPU
		{89B2A101-1ECF-4D07-9582-E79C990F0131}.Debug|Any CPU.Build.0 = Debug|Any CPU
		{89B2A101-1ECF-4D07-9582-E79C990F0131}.Release|Any CPU.ActiveCfg = Release|Any CPU
		{89B2A101-1ECF-4D07-9582-E79C990F0131}.Release|Any CPU.Build.0 = Release|Any CPU
		{29CECD11-F886-4F21-B88A-68BDEB153759}.Debug|Any CPU.ActiveCfg = Debug|Any CPU
		{29CECD11-F886-4F21-B88A-68BDEB153759}.Debug|Any CPU.Build.0 = Debug|Any CPU
		{29CECD11-F886-4F21-B88A-68BDEB153759}.Release|Any CPU.ActiveCfg = Release|Any CPU
		{29CECD11-F886-4F21-B88A-68BDEB153759}.Release|Any CPU.Build.0 = Release|Any CPU
		{7C079E98-922C-4913-BB38-31D4DE455665}.Debug|Any CPU.ActiveCfg = Debug|Any CPU
		{7C079E98-922C-4913-BB38-31D4DE455665}.Debug|Any CPU.Build.0 = Debug|Any CPU
		{7C079E98-922C-4913-BB38-31D4DE455665}.Release|Any CPU.ActiveCfg = Release|Any CPU
		{7C079E98-922C-4913-BB38-31D4DE455665}.Release|Any CPU.Build.0 = Release|Any CPU
		{CF1A11A0-DB12-4B61-AC47-8084351DD0D8}.Debug|Any CPU.ActiveCfg = Debug|Any CPU
		{CF1A11A0-DB12-4B61-AC47-8084351DD0D8}.Debug|Any CPU.Build.0 = Debug|Any CPU
		{CF1A11A0-DB12-4B61-AC47-8084351DD0D8}.Release|Any CPU.ActiveCfg = Release|Any CPU
		{CF1A11A0-DB12-4B61-AC47-8084351DD0D8}.Release|Any CPU.Build.0 = Release|Any CPU
	EndGlobalSection
	GlobalSection(SolutionProperties) = preSolution
		HideSolutionNode = FALSE
	EndGlobalSection
	GlobalSection(NestedProjects) = preSolution
		{518B08D4-1C1F-4F1A-B6E4-D436D7EB3448} = {5FBBC658-4B11-40E0-A4B3-9052434C5A15}
		{17D5BCAA-E23E-40B7-8206-42F611C03072} = {5FBBC658-4B11-40E0-A4B3-9052434C5A15}
		{87D01BDA-914A-437E-9615-B25003D06AA0} = {F97F652B-08AB-494C-AC7B-B05405D3B489}
		{89B2A101-1ECF-4D07-9582-E79C990F0131} = {A871C4DC-BB61-4C69-951F-CF153A7320FB}
		{29CECD11-F886-4F21-B88A-68BDEB153759} = {A871C4DC-BB61-4C69-951F-CF153A7320FB}
		{7C079E98-922C-4913-BB38-31D4DE455665} = {A871C4DC-BB61-4C69-951F-CF153A7320FB}
		{CF1A11A0-DB12-4B61-AC47-8084351DD0D8} = {AE7BEB50-B97E-4F84-95F9-487F071674EA}
	EndGlobalSection
EndGlobal
